
Microsoft Visual Studio Solution File, Format Version 12.00
# Visual Studio Version 17
VisualStudioVersion = 17.3.32929.385
MinimumVisualStudioVersion = 10.0.40219.1
Project("{FAE04EC0-301F-11D3-BF4B-00C04F79EFBC}") = "Bank.Common", "Bank.Common\Bank.Common.csproj", "{D6FF45CD-9282-4900-A714-D10B08BF34A3}"
EndProject
Project("{FAE04EC0-301F-11D3-BF4B-00C04F79EFBC}") = "Bank.App", "Bank.App\Bank.App.csproj", "{200B960A-35B1-4612-8285-5FB29672B423}"
EndProject
Project("{FAE04EC0-301F-11D3-BF4B-00C04F79EFBC}") = "Bank.Services", "Bank.Services\Bank.Services.csproj", "{95C5B28E-27D7-4FB7-A1D8-609018C0EE2E}"
EndProject
Project("{FAE04EC0-301F-11D3-BF4B-00C04F79EFBC}") = "Bank.Abstraction", "Bank.Abstraction\Bank.Abstraction.csproj", "{972C251B-C5A0-4DA1-828E-3BD48BF9CF08}"
EndProject
Project("{FAE04EC0-301F-11D3-BF4B-00C04F79EFBC}") = "Bank.Infrastructure", "Bank.Infrastructure\Bank.Infrastructure.csproj", "{0CA90B95-35E5-43B9-88BF-B36695CEC325}"
EndProject
Global
	GlobalSection(SolutionConfigurationPlatforms) = preSolution
		Debug|Any CPU = Debug|Any CPU
		Release|Any CPU = Release|Any CPU
	EndGlobalSection
	GlobalSection(ProjectConfigurationPlatforms) = postSolution
		{D6FF45CD-9282-4900-A714-D10B08BF34A3}.Debug|Any CPU.ActiveCfg = Debug|Any CPU
		{D6FF45CD-9282-4900-A714-D10B08BF34A3}.Debug|Any CPU.Build.0 = Debug|Any CPU
		{D6FF45CD-9282-4900-A714-D10B08BF34A3}.Release|Any CPU.ActiveCfg = Release|Any CPU
		{D6FF45CD-9282-4900-A714-D10B08BF34A3}.Release|Any CPU.Build.0 = Release|Any CPU
		{200B960A-35B1-4612-8285-5FB29672B423}.Debug|Any CPU.ActiveCfg = Debug|Any CPU
		{200B960A-35B1-4612-8285-5FB29672B423}.Debug|Any CPU.Build.0 = Debug|Any CPU
		{200B960A-35B1-4612-8285-5FB29672B423}.Release|Any CPU.ActiveCfg = Release|Any CPU
		{200B960A-35B1-4612-8285-5FB29672B423}.Release|Any CPU.Build.0 = Release|Any CPU
		{95C5B28E-27D7-4FB7-A1D8-609018C0EE2E}.Debug|Any CPU.ActiveCfg = Debug|Any CPU
		{95C5B28E-27D7-4FB7-A1D8-609018C0EE2E}.Debug|Any CPU.Build.0 = Debug|Any CPU
		{95C5B28E-27D7-4FB7-A1D8-609018C0EE2E}.Release|Any CPU.ActiveCfg = Release|Any CPU
		{95C5B28E-27D7-4FB7-A1D8-609018C0EE2E}.Release|Any CPU.Build.0 = Release|Any CPU
		{972C251B-C5A0-4DA1-828E-3BD48BF9CF08}.Debug|Any CPU.ActiveCfg = Debug|Any CPU
		{972C251B-C5A0-4DA1-828E-3BD48BF9CF08}.Debug|Any CPU.Build.0 = Debug|Any CPU
		{972C251B-C5A0-4DA1-828E-3BD48BF9CF08}.Release|Any CPU.ActiveCfg = Release|Any CPU
		{972C251B-C5A0-4DA1-828E-3BD48BF9CF08}.Release|Any CPU.Build.0 = Release|Any CPU
		{0CA90B95-35E5-43B9-88BF-B36695CEC325}.Debug|Any CPU.ActiveCfg = Debug|Any CPU
		{0CA90B95-35E5-43B9-88BF-B36695CEC325}.Debug|Any CPU.Build.0 = Debug|Any CPU
		{0CA90B95-35E5-43B9-88BF-B36695CEC325}.Release|Any CPU.ActiveCfg = Release|Any CPU
		{0CA90B95-35E5-43B9-88BF-B36695CEC325}.Release|Any CPU.Build.0 = Release|Any CPU
	EndGlobalSection
	GlobalSection(SolutionProperties) = preSolution
		HideSolutionNode = FALSE
	EndGlobalSection
	GlobalSection(ExtensibilityGlobals) = postSolution
		SolutionGuid = {68E2BBF6-C64B-4CA5-BA3A-6766642B3752}
	EndGlobalSection
EndGlobal
